
Microsoft Visual Studio Solution File, Format Version 12.00
# Visual Studio 2012
Project("{8BC9CEB8-8B4A-11D0-8D11-00A0C91BC942}") = "crypt_box", "crypt_box\crypt_box.vcxproj", "{44068CC9-A8B6-481F-8B0E-E35987C60BBF}"
EndProject
Global
	GlobalSection(SolutionConfigurationPlatforms) = preSolution
		Debug|Win32 = Debug|Win32
		Release|Win32 = Release|Win32
	EndGlobalSection
	GlobalSection(ProjectConfigurationPlatforms) = postSolution
		{44068CC9-A8B6-481F-8B0E-E35987C60BBF}.Debug|Win32.ActiveCfg = Debug|Win32
		{44068CC9-A8B6-481F-8B0E-E35987C60BBF}.Debug|Win32.Build.0 = Debug|Win32
		{44068CC9-A8B6-481F-8B0E-E35987C60BBF}.Release|Win32.ActiveCfg = Release|Win32
		{44068CC9-A8B6-481F-8B0E-E35987C60BBF}.Release|Win32.Build.0 = Release|Win32
	EndGlobalSection
	GlobalSection(SolutionProperties) = preSolution
		HideSolutionNode = FALSE
	EndGlobalSection
EndGlobal
